
Microsoft Visual Studio Solution File, Format Version 12.00
# Visual Studio Version 17
VisualStudioVersion = 17.2.32526.322
MinimumVisualStudioVersion = 10.0.40219.1
Project("{9A19103F-16F7-4668-BE54-9A1E7A4F7556}") = "DespatchWeb", "DespatchWeb.csproj", "{100A464D-538F-4881-8860-D78D8B8F32BA}"
EndProject
Global
	GlobalSection(SolutionConfigurationPlatforms) = preSolution
		Debug|Any CPU = Debug|Any CPU
		Release|Any CPU = Release|Any CPU
	EndGlobalSection
	GlobalSection(ProjectConfigurationPlatforms) = postSolution
		{100A464D-538F-4881-8860-D78D8B8F32BA}.Debug|Any CPU.ActiveCfg = Debug|Any CPU
		{100A464D-538F-4881-8860-D78D8B8F32BA}.Debug|Any CPU.Build.0 = Debug|Any CPU
		{100A464D-538F-4881-8860-D78D8B8F32BA}.Release|Any CPU.ActiveCfg = Release|Any CPU
		{100A464D-538F-4881-8860-D78D8B8F32BA}.Release|Any CPU.Build.0 = Release|Any CPU
	EndGlobalSection
	GlobalSection(SolutionProperties) = preSolution
		HideSolutionNode = FALSE
	EndGlobalSection
	GlobalSection(ExtensibilityGlobals) = postSolution
		LessCompiler = 100a464d-538f-4881-8860-d78d8b8f32ba
		SolutionGuid = {BA047233-FCA0-458E-BDFB-3F6AF3B1DA18}
	EndGlobalSection
EndGlobal
